
Microsoft Visual Studio Solution File, Format Version 12.00
# Visual Studio 15
VisualStudioVersion = 15.0.26730.10
MinimumVisualStudioVersion = 10.0.40219.1
Project("{8BC9CEB8-8B4A-11D0-8D11-00A0C91BC942}") = "Simon", "Simon\Simon.vcxproj", "{2B8516CF-F4AD-4E8D-ABE5-DB75D556326B}"
EndProject
Global
	GlobalSection(SolutionConfigurationPlatforms) = preSolution
		Debug|x64 = Debug|x64
		Debug|x86 = Debug|x86
		Release|x64 = Release|x64
		Release|x86 = Release|x86
	EndGlobalSection
	GlobalSection(ProjectConfigurationPlatforms) = postSolution
		{2B8516CF-F4AD-4E8D-ABE5-DB75D556326B}.Debug|x64.ActiveCfg = Debug|x64
		{2B8516CF-F4AD-4E8D-ABE5-DB75D556326B}.Debug|x64.Build.0 = Debug|x64
		{2B8516CF-F4AD-4E8D-ABE5-DB75D556326B}.Debug|x86.ActiveCfg = Debug|Win32
		{2B8516CF-F4AD-4E8D-ABE5-DB75D556326B}.Debug|x86.Build.0 = Debug|Win32
		{2B8516CF-F4AD-4E8D-ABE5-DB75D556326B}.Release|x64.ActiveCfg = Release|x64
		{2B8516CF-F4AD-4E8D-ABE5-DB75D556326B}.Release|x64.Build.0 = Release|x64
		{2B8516CF-F4AD-4E8D-ABE5-DB75D556326B}.Release|x86.ActiveCfg = Release|Win32
		{2B8516CF-F4AD-4E8D-ABE5-DB75D556326B}.Release|x86.Build.0 = Release|Win32
	EndGlobalSection
	GlobalSection(SolutionProperties) = preSolution
		HideSolutionNode = FALSE
	EndGlobalSection
	GlobalSection(ExtensibilityGlobals) = postSolution
		SolutionGuid = {4FB66DE5-8C25-442B-B5E9-A726B4D70806}
	EndGlobalSection
EndGlobal
